// !$*UTF8*$!
{
	archiveVersion = 1;
	classes = {
	};
	objectVersion = 50;
	objects = {

/* Begin PBXBuildFile section */
		BB5B23A523EB55BA0072FED4 /* main.cpp in Sources */ = {isa = PBXBuildFile; fileRef = BB5B23A423EB55BA0072FED4 /* main.cpp */; };
		BB5B23AE23EB55E00072FED4 /* circle.cpp in Sources */ = {isa = PBXBuildFile; fileRef = BB5B23AD23EB55E00072FED4 /* circle.cpp */; };
		BB5B23B123EB55E90072FED4 /* rectangle.cpp in Sources */ = {isa = PBXBuildFile; fileRef = BB5B23B023EB55E90072FED4 /* rectangle.cpp */; };
		BB5B23B523EB61B90072FED4 /* shape.cpp in Sources */ = {isa = PBXBuildFile; fileRef = BB5B23B323EB61B90072FED4 /* shape.cpp */; };
/* End PBXBuildFile section */

/* Begin PBXCopyFilesBuildPhase section */
		BB5B239F23EB55BA0072FED4 /* CopyFiles */ = {
			isa = PBXCopyFilesBuildPhase;
			buildActionMask = 2147483647;
			dstPath = /usr/share/man/man1/;
			dstSubfolderSpec = 0;
			files = (
			);
			runOnlyForDeploymentPostprocessing = 1;
		};
/* End PBXCopyFilesBuildPhase section */

/* Begin PBXFileReference section */
		BB5B23A123EB55BA0072FED4 /* RedefineFucntions */ = {isa = PBXFileReference; explicitFileType = "compiled.mach-o.executable"; includeInIndex = 0; path = RedefineFucntions; sourceTree = BUILT_PRODUCTS_DIR; };
		BB5B23A423EB55BA0072FED4 /* main.cpp */ = {isa = PBXFileReference; lastKnownFileType = sourcecode.cpp.cpp; path = main.cpp; sourceTree = "<group>"; };
		BB5B23AC23EB55E00072FED4 /* circle.hpp */ = {isa = PBXFileReference; fileEncoding = 4; lastKnownFileType = sourcecode.cpp.h; name = circle.hpp; path = ../../heritage/heritage/circle.hpp; sourceTree = "<group>"; };
		BB5B23AD23EB55E00072FED4 /* circle.cpp */ = {isa = PBXFileReference; fileEncoding = 4; lastKnownFileType = sourcecode.cpp.cpp; name = circle.cpp; path = ../../heritage/heritage/circle.cpp; sourceTree = "<group>"; };
		BB5B23AF23EB55E90072FED4 /* rectangle.hpp */ = {isa = PBXFileReference; fileEncoding = 4; lastKnownFileType = sourcecode.cpp.h; name = rectangle.hpp; path = ../../heritage/heritage/rectangle.hpp; sourceTree = "<group>"; };
		BB5B23B023EB55E90072FED4 /* rectangle.cpp */ = {isa = PBXFileReference; fileEncoding = 4; lastKnownFileType = sourcecode.cpp.cpp; name = rectangle.cpp; path = ../../heritage/heritage/rectangle.cpp; sourceTree = "<group>"; };
		BB5B23B323EB61B90072FED4 /* shape.cpp */ = {isa = PBXFileReference; lastKnownFileType = sourcecode.cpp.cpp; path = shape.cpp; sourceTree = "<group>"; };
		BB5B23B423EB61B90072FED4 /* shape.hpp */ = {isa = PBXFileReference; lastKnownFileType = sourcecode.cpp.h; path = shape.hpp; sourceTree = "<group>"; };
/* End PBXFileReference section */

/* Begin PBXFrameworksBuildPhase section */
		BB5B239E23EB55BA0072FED4 /* Frameworks */ = {
			isa = PBXFrameworksBuildPhase;
			buildActionMask = 2147483647;
			files = (
			);
			runOnlyForDeploymentPostprocessing = 0;
		};
/* End PBXFrameworksBuildPhase section */

/* Begin PBXGroup section */
		BB5B239823EB55BA0072FED4 = {
			isa = PBXGroup;
			children = (
				BB5B23A323EB55BA0072FED4 /* RedefineFucntions */,
				BB5B23A223EB55BA0072FED4 /* Products */,
			);
			sourceTree = "<group>";
		};
		BB5B23A223EB55BA0072FED4 /* Products */ = {
			isa = PBXGroup;
			children = (
				BB5B23A123EB55BA0072FED4 /* RedefineFucntions */,
			);
			name = Products;
			sourceTree = "<group>";
		};
		BB5B23A323EB55BA0072FED4 /* RedefineFucntions */ = {
			isa = PBXGroup;
			children = (
				BB5B23A423EB55BA0072FED4 /* main.cpp */,
				BB5B23AD23EB55E00072FED4 /* circle.cpp */,
				BB5B23AC23EB55E00072FED4 /* circle.hpp */,
				BB5B23B023EB55E90072FED4 /* rectangle.cpp */,
				BB5B23AF23EB55E90072FED4 /* rectangle.hpp */,
				BB5B23B323EB61B90072FED4 /* shape.cpp */,
				BB5B23B423EB61B90072FED4 /* shape.hpp */,
			);
			path = RedefineFucntions;
			sourceTree = "<group>";
		};
/* End PBXGroup section */

/* Begin PBXNativeTarget section */
		BB5B23A023EB55BA0072FED4 /* RedefineFucntions */ = {
			isa = PBXNativeTarget;
			buildConfigurationList = BB5B23A823EB55BA0072FED4 /* Build configuration list for PBXNativeTarget "RedefineFucntions" */;
			buildPhases = (
				BB5B239D23EB55BA0072FED4 /* Sources */,
				BB5B239E23EB55BA0072FED4 /* Frameworks */,
				BB5B239F23EB55BA0072FED4 /* CopyFiles */,
			);
			buildRules = (
			);
			dependencies = (
			);
			name = RedefineFucntions;
			productName = RedefineFucntions;
			productReference = BB5B23A123EB55BA0072FED4 /* RedefineFucntions */;
			productType = "com.apple.product-type.tool";
		};
/* End PBXNativeTarget section */

/* Begin PBXProject section */
		BB5B239923EB55BA0072FED4 /* Project object */ = {
			isa = PBXProject;
			attributes = {
				LastUpgradeCheck = 1120;
				ORGANIZATIONNAME = "Yashu Wu";
				TargetAttributes = {
					BB5B23A023EB55BA0072FED4 = {
						CreatedOnToolsVersion = 11.2.1;
					};
				};
			};
			buildConfigurationList = BB5B239C23EB55BA0072FED4 /* Build configuration list for PBXProject "RedefineFucntions" */;
			compatibilityVersion = "Xcode 9.3";
			developmentRegion = en;
			hasScannedForEncodings = 0;
			knownRegions = (
				en,
				Base,
			);
			mainGroup = BB5B239823EB55BA0072FED4;
			productRefGroup = BB5B23A223EB55BA0072FED4 /* Products */;
			projectDirPath = "";
			projectRoot = "";
			targets = (
				BB5B23A023EB55BA0072FED4 /* RedefineFucntions */,
			);
		};
/* End PBXProject section */

/* Begin PBXSourcesBuildPhase section */
		BB5B239D23EB55BA0072FED4 /* Sources */ = {
			isa = PBXSourcesBuildPhase;
			buildActionMask = 2147483647;
			files = (
				BB5B23B123EB55E90072FED4 /* rectangle.cpp in Sources */,
				BB5B23A523EB55BA0072FED4 /* main.cpp in Sources */,
				BB5B23AE23EB55E00072FED4 /* circle.cpp in Sources */,
				BB5B23B523EB61B90072FED4 /* shape.cpp in Sources */,
			);
			runOnlyForDeploymentPostprocessing = 0;
		};
/* End PBXSourcesBuildPhase section */

/* Begin XCBuildConfiguration section */
		BB5B23A623EB55BA0072FED4 /* Debug */ = {
			isa = XCBuildConfiguration;
			buildSettings = {
				ALWAYS_SEARCH_USER_PATHS = NO;
				CLANG_ANALYZER_NONNULL = YES;
				CLANG_ANALYZER_NUMBER_OBJECT_CONVERSION = YES_AGGRESSIVE;
				CLANG_CXX_LANGUAGE_STANDARD = "gnu++14";
				CLANG_CXX_LIBRARY = "libc++";
				CLANG_ENABLE_MODULES = YES;
				CLANG_ENABLE_OBJC_ARC = YES;
				CLANG_ENABLE_OBJC_WEAK = YES;
				CLANG_WARN_BLOCK_CAPTURE_AUTORELEASING = YES;
				CLANG_WARN_BOOL_CONVERSION = YES;
				CLANG_WARN_COMMA = YES;
				CLANG_WARN_CONSTANT_CONVERSION = YES;
				CLANG_WARN_DEPRECATED_OBJC_IMPLEMENTATIONS = YES;
				CLANG_WARN_DIRECT_OBJC_ISA_USAGE = YES_ERROR;
				CLANG_WARN_DOCUMENTATION_COMMENTS = YES;
				CLANG_WARN_EMPTY_BODY = YES;
				CLANG_WARN_ENUM_CONVERSION = YES;
				CLANG_WARN_INFINITE_RECURSION = YES;
				CLANG_WARN_INT_CONVERSION = YES;
				CLANG_WARN_NON_LITERAL_NULL_CONVERSION = YES;
				CLANG_WARN_OBJC_IMPLICIT_RETAIN_SELF = YES;
				CLANG_WARN_OBJC_LITERAL_CONVERSION = YES;
				CLANG_WARN_OBJC_ROOT_CLASS = YES_ERROR;
				CLANG_WARN_RANGE_LOOP_ANALYSIS = YES;
				CLANG_WARN_STRICT_PROTOTYPES = YES;
				CLANG_WARN_SUSPICIOUS_MOVE = YES;
				CLANG_WARN_UNGUARDED_AVAILABILITY = YES_AGGRESSIVE;
				CLANG_WARN_UNREACHABLE_CODE = YES;
				CLANG_WARN__DUPLICATE_METHOD_MATCH = YES;
				COPY_PHASE_STRIP = NO;
				DEBUG_INFORMATION_FORMAT = dwarf;
				ENABLE_STRICT_OBJC_MSGSEND = YES;
				ENABLE_TESTABILITY = YES;
				GCC_C_LANGUAGE_STANDARD = gnu11;
				GCC_DYNAMIC_NO_PIC = NO;
				GCC_NO_COMMON_BLOCKS = YES;
				GCC_OPTIMIZATION_LEVEL = 0;
				GCC_PREPROCESSOR_DEFINITIONS = (
					"DEBUG=1",
					"$(inherited)",
				);
				GCC_WARN_64_TO_32_BIT_CONVERSION = YES;
				GCC_WARN_ABOUT_RETURN_TYPE = YES_ERROR;
				GCC_WARN_UNDECLARED_SELECTOR = YES;
				GCC_WARN_UNINITIALIZED_AUTOS = YES_AGGRESSIVE;
				GCC_WARN_UNUSED_FUNCTION = YES;
				GCC_WARN_UNUSED_VARIABLE = YES;
				MACOSX_DEPLOYMENT_TARGET = 10.14;
				MTL_ENABLE_DEBUG_INFO = INCLUDE_SOURCE;
				MTL_FAST_MATH = YES;
				ONLY_ACTIVE_ARCH = YES;
				SDKROOT = macosx;
			};
			name = Debug;
		};
		BB5B23A723EB55BA0072FED4 /* Release */ = {
			isa = XCBuildConfiguration;
			buildSettings = {
				ALWAYS_SEARCH_USER_PATHS = NO;
				CLANG_ANALYZER_NONNULL = YES;
				CLANG_ANALYZER_NUMBER_OBJECT_CONVERSION = YES_AGGRESSIVE;
				CLANG_CXX_LANGUAGE_STANDARD = "gnu++14";
				CLANG_CXX_LIBRARY = "libc++";
				CLANG_ENABLE_MODULES = YES;
				CLANG_ENABLE_OBJC_ARC = YES;
				CLANG_ENABLE_OBJC_WEAK = YES;
				CLANG_WARN_BLOCK_CAPTURE_AUTORELEASING = YES;
				CLANG_WARN_BOOL_CONVERSION = YES;
				CLANG_WARN_COMMA = YES;
				CLANG_WARN_CONSTANT_CONVERSION = YES;
				CLANG_WARN_DEPRECATED_OBJC_IMPLEMENTATIONS = YES;
				CLANG_WARN_DIRECT_OBJC_ISA_USAGE = YES_ERROR;
				CLANG_WARN_DOCUMENTATION_COMMENTS = YES;
				CLANG_WARN_EMPTY_BODY = YES;
				CLANG_WARN_ENUM_CONVERSION = YES;
				CLANG_WARN_INFINITE_RECURSION = YES;
				CLANG_WARN_INT_CONVERSION = YES;
				CLANG_WARN_NON_LITERAL_NULL_CONVERSION = YES;
				CLANG_WARN_OBJC_IMPLICIT_RETAIN_SELF = YES;
				CLANG_WARN_OBJC_LITERAL_CONVERSION = YES;
				CLANG_WARN_OBJC_ROOT_CLASS = YES_ERROR;
				CLANG_WARN_RANGE_LOOP_ANALYSIS = YES;
				CLANG_WARN_STRICT_PROTOTYPES = YES;
				CLANG_WARN_SUSPICIOUS_MOVE = YES;
				CLANG_WARN_UNGUARDED_AVAILABILITY = YES_AGGRESSIVE;
				CLANG_WARN_UNREACHABLE_CODE = YES;
				CLANG_WARN__DUPLICATE_METHOD_MATCH = YES;
				COPY_PHASE_STRIP = NO;
				DEBUG_INFORMATION_FORMAT = "dwarf-with-dsym";
				ENABLE_NS_ASSERTIONS = NO;
				ENABLE_STRICT_OBJC_MSGSEND = YES;
				GCC_C_LANGUAGE_STANDARD = gnu11;
				GCC_NO_COMMON_BLOCKS = YES;
				GCC_WARN_64_TO_32_BIT_CONVERSION = YES;
				GCC_WARN_ABOUT_RETURN_TYPE = YES_ERROR;
				GCC_WARN_UNDECLARED_SELECTOR = YES;
				GCC_WARN_UNINITIALIZED_AUTOS = YES_AGGRESSIVE;
				GCC_WARN_UNUSED_FUNCTION = YES;
				GCC_WARN_UNUSED_VARIABLE = YES;
				MACOSX_DEPLOYMENT_TARGET = 10.14;
				MTL_ENABLE_DEBUG_INFO = NO;
				MTL_FAST_MATH = YES;
				SDKROOT = macosx;
			};
			name = Release;
		};
		BB5B23A923EB55BA0072FED4 /* Debug */ = {
			isa = XCBuildConfiguration;
			buildSettings = {
				CODE_SIGN_STYLE = Automatic;
				PRODUCT_NAME = "$(TARGET_NAME)";
			};
			name = Debug;
		};
		BB5B23AA23EB55BA0072FED4 /* Release */ = {
			isa = XCBuildConfiguration;
			buildSettings = {
				CODE_SIGN_STYLE = Automatic;
				PRODUCT_NAME = "$(TARGET_NAME)";
			};
			name = Release;
		};
/* End XCBuildConfiguration section */

/* Begin XCConfigurationList section */
		BB5B239C23EB55BA0072FED4 /* Build configuration list for PBXProject "RedefineFucntions" */ = {
			isa = XCConfigurationList;
			buildConfigurations = (
				BB5B23A623EB55BA0072FED4 /* Debug */,
				BB5B23A723EB55BA0072FED4 /* Release */,
			);
			defaultConfigurationIsVisible = 0;
			defaultConfigurationName = Release;
		};
		BB5B23A823EB55BA0072FED4 /* Build configuration list for PBXNativeTarget "RedefineFucntions" */ = {
			isa = XCConfigurationList;
			buildConfigurations = (
				BB5B23A923EB55BA0072FED4 /* Debug */,
				BB5B23AA23EB55BA0072FED4 /* Release */,
			);
			defaultConfigurationIsVisible = 0;
			defaultConfigurationName = Release;
		};
/* End XCConfigurationList section */
	};
	rootObject = BB5B239923EB55BA0072FED4 /* Project object */;
}
